// !$*UTF8*$!
{
	archiveVersion = 1;
	classes = {
	};
	objectVersion = 46;
	objects = {

/* Begin PBXAggregateTarget section */
		602FA09C29D8709D00924BDC /* Publish Analytics */ = {
			isa = PBXAggregateTarget;
			buildConfigurationList = 602FA09D29D8709D00924BDC /* Build configuration list for PBXAggregateTarget "Publish Analytics" */;
			buildPhases = (
				602FA0A029D870AD00924BDC /* ShellScript */,
			);
			dependencies = (
			);
			name = "Publish Analytics";
			productName = Publishing;
		};
		60FDCDBE2E4EDBCF00288C2C /* Publish JSONSafeEncoding */ = {
			isa = PBXAggregateTarget;
			buildConfigurationList = 60FDCDC02E4EDBCF00288C2C /* Build configuration list for PBXAggregateTarget "Publish JSONSafeEncoding" */;
			buildPhases = (
				60FDCDBF2E4EDBCF00288C2C /* ShellScript */,
			);
			dependencies = (
			);
			name = "Publish JSONSafeEncoding";
			productName = Publishing;
		};
		60FDCDC32E4EDBD000288C2C /* Publish Sovran */ = {
			isa = PBXAggregateTarget;
			buildConfigurationList = 60FDCDC52E4EDBD000288C2C /* Build configuration list for PBXAggregateTarget "Publish Sovran" */;
			buildPhases = (
				60FDCDC42E4EDBD000288C2C /* ShellScript */,
			);
			dependencies = (
			);
			name = "Publish Sovran";
			productName = Publishing;
		};
/* End PBXAggregateTarget section */

/* Begin PBXFileReference section */
		60FDCDB92E4E4A3D00288C2C /* JSONSafeEncoding.podspec */ = {isa = PBXFileReference; lastKnownFileType = text; path = JSONSafeEncoding.podspec; sourceTree = "<group>"; };
		60FDCDBA2E4E4A3D00288C2C /* Sovran.podspec */ = {isa = PBXFileReference; lastKnownFileType = text; path = Sovran.podspec; sourceTree = "<group>"; };
		60FDCDBB2E4EDBAA00288C2C /* publish_analytics.sh */ = {isa = PBXFileReference; lastKnownFileType = text.script.sh; path = publish_analytics.sh; sourceTree = "<group>"; };
		60FDCDBC2E4EDBAA00288C2C /* publish_jsonsafeencoding.sh */ = {isa = PBXFileReference; lastKnownFileType = text.script.sh; path = publish_jsonsafeencoding.sh; sourceTree = "<group>"; };
		60FDCDBD2E4EDBAA00288C2C /* publish_sovran.sh */ = {isa = PBXFileReference; lastKnownFileType = text.script.sh; path = publish_sovran.sh; sourceTree = "<group>"; };
		60FDCDC82E4EEBAD00288C2C /* Analytics-Swift.podspec */ = {isa = PBXFileReference; lastKnownFileType = text; path = "Analytics-Swift.podspec"; sourceTree = "<group>"; };
/* End PBXFileReference section */

/* Begin PBXGroup section */
		607FACC71AFB9204008FA782 = {
			isa = PBXGroup;
			children = (
				60FDCDC82E4EEBAD00288C2C /* Analytics-Swift.podspec */,
				60FDCDB92E4E4A3D00288C2C /* JSONSafeEncoding.podspec */,
				60FDCDBA2E4E4A3D00288C2C /* Sovran.podspec */,
				60FDCDB72E4E257A00288C2C /* Scripts */,
			);
			sourceTree = "<group>";
		};
		60FDCDB72E4E257A00288C2C /* Scripts */ = {
			isa = PBXGroup;
			children = (
				60FDCDBB2E4EDBAA00288C2C /* publish_analytics.sh */,
				60FDCDBC2E4EDBAA00288C2C /* publish_jsonsafeencoding.sh */,
				60FDCDBD2E4EDBAA00288C2C /* publish_sovran.sh */,
			);
			path = Scripts;
			sourceTree = "<group>";
		};
/* End PBXGroup section */

/* Begin PBXProject section */
		607FACC81AFB9204008FA782 /* Project object */ = {
			isa = PBXProject;
			attributes = {
				DefaultBuildSystemTypeForWorkspace = Latest;
				LastSwiftUpdateCheck = 1150;
				LastUpgradeCheck = 1130;
				ORGANIZATIONNAME = CocoaPods;
				TargetAttributes = {
					602FA09C29D8709D00924BDC = {
						CreatedOnToolsVersion = 14.3;
						DevelopmentTeam = H5QKC5ZBYV;
						ProvisioningStyle = Automatic;
					};
				};
			};
			buildConfigurationList = 607FACCB1AFB9204008FA782 /* Build configuration list for PBXProject "AnalyticsSwift" */;
			compatibilityVersion = "Xcode 3.2";
			developmentRegion = en;
			hasScannedForEncodings = 0;
			knownRegions = (
				en,
				Base,
			);
			mainGroup = 607FACC71AFB9204008FA782;
			productRefGroup = 607FACC71AFB9204008FA782;
			projectDirPath = "";
			projectRoot = "";
			targets = (
				602FA09C29D8709D00924BDC /* Publish Analytics */,
				60FDCDBE2E4EDBCF00288C2C /* Publish JSONSafeEncoding */,
				60FDCDC32E4EDBD000288C2C /* Publish Sovran */,
			);
		};
/* End PBXProject section */

/* Begin PBXShellScriptBuildPhase section */
		602FA0A029D870AD00924BDC /* ShellScript */ = {
			isa = PBXShellScriptBuildPhase;
			buildActionMask = 2147483647;
			files = (
			);
			inputFileListPaths = (
			);
			inputPaths = (
			);
			outputFileListPaths = (
			);
			outputPaths = (
			);
			runOnlyForDeploymentPostprocessing = 0;
			shellPath = /bin/sh;
			shellScript = "\"${PROJECT_DIR}/Scripts/publish_analytics.sh\"\n";
		};
		60FDCDBF2E4EDBCF00288C2C /* ShellScript */ = {
			isa = PBXShellScriptBuildPhase;
			buildActionMask = 2147483647;
			files = (
			);
			inputFileListPaths = (
			);
			inputPaths = (
			);
			outputFileListPaths = (
			);
			outputPaths = (
			);
			runOnlyForDeploymentPostprocessing = 0;
			shellPath = /bin/sh;
			shellScript = "\"${PROJECT_DIR}/Scripts/publish_jsonsafeencoding.sh\"\n";
		};
		60FDCDC42E4EDBD000288C2C /* ShellScript */ = {
			isa = PBXShellScriptBuildPhase;
			buildActionMask = 2147483647;
			files = (
			);
			inputFileListPaths = (
			);
			inputPaths = (
			);
			outputFileListPaths = (
			);
			outputPaths = (
			);
			runOnlyForDeploymentPostprocessing = 0;
			shellPath = /bin/sh;
			shellScript = "\"${PROJECT_DIR}/Scripts/publish_sovran.sh\"\n";
		};
/* End PBXShellScriptBuildPhase section */

/* Begin XCBuildConfiguration section */
		602FA09E29D8709D00924BDC /* Debug */ = {
			isa = XCBuildConfiguration;
			buildSettings = {
				PRODUCT_NAME = "$(TARGET_NAME)";
			};
			name = Debug;
		};
		602FA09F29D8709D00924BDC /* Release */ = {
			isa = XCBuildConfiguration;
			buildSettings = {
				PRODUCT_NAME = "$(TARGET_NAME)";
			};
			name = Release;
		};
		607FACED1AFB9204008FA782 /* Debug */ = {
			isa = XCBuildConfiguration;
			buildSettings = {
				ALWAYS_SEARCH_USER_PATHS = NO;
				CLANG_ANALYZER_LOCALIZABILITY_NONLOCALIZED = YES;
				CLANG_CXX_LANGUAGE_STANDARD = "gnu++0x";
				CLANG_CXX_LIBRARY = "libc++";
				CLANG_ENABLE_MODULES = YES;
				CLANG_ENABLE_OBJC_ARC = YES;
				CLANG_WARN_BLOCK_CAPTURE_AUTORELEASING = YES;
				CLANG_WARN_BOOL_CONVERSION = YES;
				CLANG_WARN_COMMA = YES;
				CLANG_WARN_CONSTANT_CONVERSION = YES;
				CLANG_WARN_DEPRECATED_OBJC_IMPLEMENTATIONS = YES;
				CLANG_WARN_DIRECT_OBJC_ISA_USAGE = YES_ERROR;
				CLANG_WARN_EMPTY_BODY = YES;
				CLANG_WARN_ENUM_CONVERSION = YES;
				CLANG_WARN_INFINITE_RECURSION = YES;
				CLANG_WARN_INT_CONVERSION = YES;
				CLANG_WARN_NON_LITERAL_NULL_CONVERSION = YES;
				CLANG_WARN_OBJC_IMPLICIT_RETAIN_SELF = YES;
				CLANG_WARN_OBJC_LITERAL_CONVERSION = YES;
				CLANG_WARN_OBJC_ROOT_CLASS = YES_ERROR;
				CLANG_WARN_RANGE_LOOP_ANALYSIS = YES;
				CLANG_WARN_STRICT_PROTOTYPES = YES;
				CLANG_WARN_SUSPICIOUS_MOVE = YES;
				CLANG_WARN_UNREACHABLE_CODE = YES;
				CLANG_WARN__DUPLICATE_METHOD_MATCH = YES;
				"CODE_SIGN_IDENTITY[sdk=iphoneos*]" = "iPhone Developer";
				COPY_PHASE_STRIP = NO;
				DEBUG_INFORMATION_FORMAT = "dwarf-with-dsym";
				ENABLE_STRICT_OBJC_MSGSEND = YES;
				ENABLE_TESTABILITY = YES;
				GCC_C_LANGUAGE_STANDARD = gnu99;
				GCC_DYNAMIC_NO_PIC = NO;
				GCC_NO_COMMON_BLOCKS = YES;
				GCC_OPTIMIZATION_LEVEL = 0;
				GCC_PREPROCESSOR_DEFINITIONS = (
					"DEBUG=1",
					"$(inherited)",
				);
				GCC_SYMBOLS_PRIVATE_EXTERN = NO;
				GCC_WARN_64_TO_32_BIT_CONVERSION = YES;
				GCC_WARN_ABOUT_RETURN_TYPE = YES_ERROR;
				GCC_WARN_UNDECLARED_SELECTOR = YES;
				GCC_WARN_UNINITIALIZED_AUTOS = YES_AGGRESSIVE;
				GCC_WARN_UNUSED_FUNCTION = YES;
				GCC_WARN_UNUSED_VARIABLE = YES;
				IPHONEOS_DEPLOYMENT_TARGET = 15.6;
				MTL_ENABLE_DEBUG_INFO = YES;
				ONLY_ACTIVE_ARCH = YES;
				SDKROOT = iphoneos;
				SWIFT_OPTIMIZATION_LEVEL = "-Onone";
			};
			name = Debug;
		};
		607FACEE1AFB9204008FA782 /* Release */ = {
			isa = XCBuildConfiguration;
			buildSettings = {
				ALWAYS_SEARCH_USER_PATHS = NO;
				CLANG_ANALYZER_LOCALIZABILITY_NONLOCALIZED = YES;
				CLANG_CXX_LANGUAGE_STANDARD = "gnu++0x";
				CLANG_CXX_LIBRARY = "libc++";
				CLANG_ENABLE_MODULES = YES;
				CLANG_ENABLE_OBJC_ARC = YES;
				CLANG_WARN_BLOCK_CAPTURE_AUTORELEASING = YES;
				CLANG_WARN_BOOL_CONVERSION = YES;
				CLANG_WARN_COMMA = YES;
				CLANG_WARN_CONSTANT_CONVERSION = YES;
				CLANG_WARN_DEPRECATED_OBJC_IMPLEMENTATIONS = YES;
				CLANG_WARN_DIRECT_OBJC_ISA_USAGE = YES_ERROR;
				CLANG_WARN_EMPTY_BODY = YES;
				CLANG_WARN_ENUM_CONVERSION = YES;
				CLANG_WARN_INFINITE_RECURSION = YES;
				CLANG_WARN_INT_CONVERSION = YES;
				CLANG_WARN_NON_LITERAL_NULL_CONVERSION = YES;
				CLANG_WARN_OBJC_IMPLICIT_RETAIN_SELF = YES;
				CLANG_WARN_OBJC_LITERAL_CONVERSION = YES;
				CLANG_WARN_OBJC_ROOT_CLASS = YES_ERROR;
				CLANG_WARN_RANGE_LOOP_ANALYSIS = YES;
				CLANG_WARN_STRICT_PROTOTYPES = YES;
				CLANG_WARN_SUSPICIOUS_MOVE = YES;
				CLANG_WARN_UNREACHABLE_CODE = YES;
				CLANG_WARN__DUPLICATE_METHOD_MATCH = YES;
				"CODE_SIGN_IDENTITY[sdk=iphoneos*]" = "iPhone Developer";
				COPY_PHASE_STRIP = NO;
				DEBUG_INFORMATION_FORMAT = "dwarf-with-dsym";
				ENABLE_NS_ASSERTIONS = NO;
				ENABLE_STRICT_OBJC_MSGSEND = YES;
				GCC_C_LANGUAGE_STANDARD = gnu99;
				GCC_NO_COMMON_BLOCKS = YES;
				GCC_WARN_64_TO_32_BIT_CONVERSION = YES;
				GCC_WARN_ABOUT_RETURN_TYPE = YES_ERROR;
				GCC_WARN_UNDECLARED_SELECTOR = YES;
				GCC_WARN_UNINITIALIZED_AUTOS = YES_AGGRESSIVE;
				GCC_WARN_UNUSED_FUNCTION = YES;
				GCC_WARN_UNUSED_VARIABLE = YES;
				IPHONEOS_DEPLOYMENT_TARGET = 15.6;
				MTL_ENABLE_DEBUG_INFO = NO;
				SDKROOT = iphoneos;
				SWIFT_OPTIMIZATION_LEVEL = "-Owholemodule";
				VALIDATE_PRODUCT = YES;
			};
			name = Release;
		};
		60FDCDC12E4EDBCF00288C2C /* Debug */ = {
			isa = XCBuildConfiguration;
			buildSettings = {
				PRODUCT_NAME = "$(TARGET_NAME)";
			};
			name = Debug;
		};
		60FDCDC22E4EDBCF00288C2C /* Release */ = {
			isa = XCBuildConfiguration;
			buildSettings = {
				PRODUCT_NAME = "$(TARGET_NAME)";
			};
			name = Release;
		};
		60FDCDC62E4EDBD000288C2C /* Debug */ = {
			isa = XCBuildConfiguration;
			buildSettings = {
				PRODUCT_NAME = "$(TARGET_NAME)";
			};
			name = Debug;
		};
		60FDCDC72E4EDBD000288C2C /* Release */ = {
			isa = XCBuildConfiguration;
			buildSettings = {
				PRODUCT_NAME = "$(TARGET_NAME)";
			};
			name = Release;
		};
/* End XCBuildConfiguration section */

/* Begin XCConfigurationList section */
		602FA09D29D8709D00924BDC /* Build configuration list for PBXAggregateTarget "Publish Analytics" */ = {
			isa = XCConfigurationList;
			buildConfigurations = (
				602FA09E29D8709D00924BDC /* Debug */,
				602FA09F29D8709D00924BDC /* Release */,
			);
			defaultConfigurationIsVisible = 0;
			defaultConfigurationName = Release;
		};
		607FACCB1AFB9204008FA782 /* Build configuration list for PBXProject "AnalyticsSwift" */ = {
			isa = XCConfigurationList;
			buildConfigurations = (
				607FACED1AFB9204008FA782 /* Debug */,
				607FACEE1AFB9204008FA782 /* Release */,
			);
			defaultConfigurationIsVisible = 0;
			defaultConfigurationName = Release;
		};
		60FDCDC02E4EDBCF00288C2C /* Build configuration list for PBXAggregateTarget "Publish JSONSafeEncoding" */ = {
			isa = XCConfigurationList;
			buildConfigurations = (
				60FDCDC12E4EDBCF00288C2C /* Debug */,
				60FDCDC22E4EDBCF00288C2C /* Release */,
			);
			defaultConfigurationIsVisible = 0;
			defaultConfigurationName = Release;
		};
		60FDCDC52E4EDBD000288C2C /* Build configuration list for PBXAggregateTarget "Publish Sovran" */ = {
			isa = XCConfigurationList;
			buildConfigurations = (
				60FDCDC62E4EDBD000288C2C /* Debug */,
				60FDCDC72E4EDBD000288C2C /* Release */,
			);
			defaultConfigurationIsVisible = 0;
			defaultConfigurationName = Release;
		};
/* End XCConfigurationList section */
	};
	rootObject = 607FACC81AFB9204008FA782 /* Project object */;
}
